{
  "name": "project",
  "version": "1.0.0",
  "lockfileVersion": 2,
  "requires": true,
  "packages": {
    "": {
      "name": "project",
      "version": "1.0.0",
      "license": "ISC",
      "dependencies": {
        "@galiullinar/platform-at-ajs": "^1.0.0"
      }
    },
    "node_modules/@galiullinar/platform-at-ajs": {
      "version": "1.0.0",
      "resolved": "https://npm.pkg.github.com/download/@galiullinar/platform-at-ajs/1.0.0/d141d9a168cb86ff8e98af022666d00964647f6c",
      "integrity": "sha512-jrMJHLi1ezQsKNkceUB5P4dDVjK75ioRMp8Oed2bZB0dCQEhVsnp2tYqWUCWChYokq31kjzbIZHcCemnvPjdPg==",
      "license": "ISC"
    }
  },
  "dependencies": {
    "@galiullinar/platform-at-ajs": {
      "version": "1.0.0",
      "resolved": "https://npm.pkg.github.com/download/@galiullinar/platform-at-ajs/1.0.0/d141d9a168cb86ff8e98af022666d00964647f6c",
      "integrity": "sha512-jrMJHLi1ezQsKNkceUB5P4dDVjK75ioRMp8Oed2bZB0dCQEhVsnp2tYqWUCWChYokq31kjzbIZHcCemnvPjdPg=="
    }
  }
}
